
Microsoft Visual Studio Solution File, Format Version 12.00
# Visual Studio Version 17
VisualStudioVersion = 17.5.002.0
MinimumVisualStudioVersion = 10.0.40219.1
Project("{2150E333-8FDC-42A3-9474-1A3956D46DE8}") = "Back", "Back", "{4AF8812D-8576-4409-B61F-C421E79DC8D6}"
EndProject
Project("{2150E333-8FDC-42A3-9474-1A3956D46DE8}") = "src", "src", "{FED99EBE-329C-44F3-88FB-71FEE4D22414}"
EndProject
Project("{9A19103F-16F7-4668-BE54-9A1E7A4F7556}") = "ConnectMind.API", "Back\src\ConnectMind.API\ConnectMind.API.csproj", "{C7AE4B88-5AA6-442F-9CF0-24924ABFB510}"
EndProject
Global
	GlobalSection(SolutionConfigurationPlatforms) = preSolution
		Debug|Any CPU = Debug|Any CPU
		Release|Any CPU = Release|Any CPU
	EndGlobalSection
	GlobalSection(ProjectConfigurationPlatforms) = postSolution
		{C7AE4B88-5AA6-442F-9CF0-24924ABFB510}.Debug|Any CPU.ActiveCfg = Debug|Any CPU
		{C7AE4B88-5AA6-442F-9CF0-24924ABFB510}.Debug|Any CPU.Build.0 = Debug|Any CPU
		{C7AE4B88-5AA6-442F-9CF0-24924ABFB510}.Release|Any CPU.ActiveCfg = Release|Any CPU
		{C7AE4B88-5AA6-442F-9CF0-24924ABFB510}.Release|Any CPU.Build.0 = Release|Any CPU
	EndGlobalSection
	GlobalSection(SolutionProperties) = preSolution
		HideSolutionNode = FALSE
	EndGlobalSection
	GlobalSection(NestedProjects) = preSolution
		{FED99EBE-329C-44F3-88FB-71FEE4D22414} = {4AF8812D-8576-4409-B61F-C421E79DC8D6}
		{C7AE4B88-5AA6-442F-9CF0-24924ABFB510} = {FED99EBE-329C-44F3-88FB-71FEE4D22414}
	EndGlobalSection
	GlobalSection(ExtensibilityGlobals) = postSolution
		SolutionGuid = {1EB22576-EE01-4428-A041-2018E1B2EB6F}
	EndGlobalSection
EndGlobal
